
Microsoft Visual Studio Solution File, Format Version 12.00
# Visual Studio Version 16
VisualStudioVersion = 16.0.29920.165
MinimumVisualStudioVersion = 10.0.40219.1
Project("{8BC9CEB8-8B4A-11D0-8D11-00A0C91BC942}") = "Project", "Project.vcxproj", "{C1580B34-B6AA-483A-A8A5-C20593439AB2}"
EndProject
Global
	GlobalSection(SolutionConfigurationPlatforms) = preSolution
		Debug|x64 = Debug|x64
		Debug|x86 = Debug|x86
		Release|x64 = Release|x64
		Release|x86 = Release|x86
	EndGlobalSection
	GlobalSection(ProjectConfigurationPlatforms) = postSolution
		{C1580B34-B6AA-483A-A8A5-C20593439AB2}.Debug|x64.ActiveCfg = Debug|x64
		{C1580B34-B6AA-483A-A8A5-C20593439AB2}.Debug|x64.Build.0 = Debug|x64
		{C1580B34-B6AA-483A-A8A5-C20593439AB2}.Debug|x86.ActiveCfg = Debug|Win32
		{C1580B34-B6AA-483A-A8A5-C20593439AB2}.Debug|x86.Build.0 = Debug|Win32
		{C1580B34-B6AA-483A-A8A5-C20593439AB2}.Release|x64.ActiveCfg = Release|x64
		{C1580B34-B6AA-483A-A8A5-C20593439AB2}.Release|x64.Build.0 = Release|x64
		{C1580B34-B6AA-483A-A8A5-C20593439AB2}.Release|x86.ActiveCfg = Release|Win32
		{C1580B34-B6AA-483A-A8A5-C20593439AB2}.Release|x86.Build.0 = Release|Win32
	EndGlobalSection
	GlobalSection(SolutionProperties) = preSolution
		HideSolutionNode = FALSE
	EndGlobalSection
	GlobalSection(ExtensibilityGlobals) = postSolution
		SolutionGuid = {D57541E2-DCE4-4976-AFFD-9BADCBECBD15}
	EndGlobalSection
EndGlobal
